// !$*UTF8*$!
{
	archiveVersion = 1;
	classes = {
	};
	objectVersion = 50;
	objects = {

/* Begin PBXBuildFile section */
		1848C47224AD1F5800164869 /* AppDelegate.swift in Sources */ = {isa = PBXBuildFile; fileRef = 1848C47124AD1F5800164869 /* AppDelegate.swift */; };
		1848C47424AD1F5800164869 /* SceneDelegate.swift in Sources */ = {isa = PBXBuildFile; fileRef = 1848C47324AD1F5800164869 /* SceneDelegate.swift */; };
		1848C47624AD1F5800164869 /* ViewController.swift in Sources */ = {isa = PBXBuildFile; fileRef = 1848C47524AD1F5800164869 /* ViewController.swift */; };
		1848C47924AD1F5800164869 /* Main.storyboard in Resources */ = {isa = PBXBuildFile; fileRef = 1848C47724AD1F5800164869 /* Main.storyboard */; };
		1848C47B24AD1F5D00164869 /* Assets.xcassets in Resources */ = {isa = PBXBuildFile; fileRef = 1848C47A24AD1F5D00164869 /* Assets.xcassets */; };
		1848C47E24AD1F5D00164869 /* LaunchScreen.storyboard in Resources */ = {isa = PBXBuildFile; fileRef = 1848C47C24AD1F5D00164869 /* LaunchScreen.storyboard */; };
		1848C48924AD1F5E00164869 /* CalisTests.swift in Sources */ = {isa = PBXBuildFile; fileRef = 1848C48824AD1F5E00164869 /* CalisTests.swift */; };
		1848C49424AD1F5F00164869 /* CalisUITests.swift in Sources */ = {isa = PBXBuildFile; fileRef = 1848C49324AD1F5F00164869 /* CalisUITests.swift */; };
/* End PBXBuildFile section */

/* Begin PBXContainerItemProxy section */
		1848C48524AD1F5E00164869 /* PBXContainerItemProxy */ = {
			isa = PBXContainerItemProxy;
			containerPortal = 1848C46624AD1F5800164869 /* Project object */;
			proxyType = 1;
			remoteGlobalIDString = 1848C46D24AD1F5800164869;
			remoteInfo = Calis;
		};
		1848C49024AD1F5F00164869 /* PBXContainerItemProxy */ = {
			isa = PBXContainerItemProxy;
			containerPortal = 1848C46624AD1F5800164869 /* Project object */;
			proxyType = 1;
			remoteGlobalIDString = 1848C46D24AD1F5800164869;
			remoteInfo = Calis;
		};
/* End PBXContainerItemProxy section */

/* Begin PBXFileReference section */
		1848C46E24AD1F5800164869 /* Çalış!.app */ = {isa = PBXFileReference; explicitFileType = wrapper.application; includeInIndex = 0; path = "Çalış!.app"; sourceTree = BUILT_PRODUCTS_DIR; };
		1848C47124AD1F5800164869 /* AppDelegate.swift */ = {isa = PBXFileReference; lastKnownFileType = sourcecode.swift; path = AppDelegate.swift; sourceTree = "<group>"; };
		1848C47324AD1F5800164869 /* SceneDelegate.swift */ = {isa = PBXFileReference; lastKnownFileType = sourcecode.swift; path = SceneDelegate.swift; sourceTree = "<group>"; };
		1848C47524AD1F5800164869 /* ViewController.swift */ = {isa = PBXFileReference; lastKnownFileType = sourcecode.swift; path = ViewController.swift; sourceTree = "<group>"; };
		1848C47824AD1F5800164869 /* Base */ = {isa = PBXFileReference; lastKnownFileType = file.storyboard; name = Base; path = Base.lproj/Main.storyboard; sourceTree = "<group>"; };
		1848C47A24AD1F5D00164869 /* Assets.xcassets */ = {isa = PBXFileReference; lastKnownFileType = folder.assetcatalog; path = Assets.xcassets; sourceTree = "<group>"; };
		1848C47D24AD1F5D00164869 /* Base */ = {isa = PBXFileReference; lastKnownFileType = file.storyboard; name = Base; path = Base.lproj/LaunchScreen.storyboard; sourceTree = "<group>"; };
		1848C47F24AD1F5D00164869 /* Info.plist */ = {isa = PBXFileReference; lastKnownFileType = text.plist.xml; path = Info.plist; sourceTree = "<group>"; };
		1848C48424AD1F5E00164869 /* CalisTests.xctest */ = {isa = PBXFileReference; explicitFileType = wrapper.cfbundle; includeInIndex = 0; path = CalisTests.xctest; sourceTree = BUILT_PRODUCTS_DIR; };
		1848C48824AD1F5E00164869 /* CalisTests.swift */ = {isa = PBXFileReference; lastKnownFileType = sourcecode.swift; path = CalisTests.swift; sourceTree = "<group>"; };
		1848C48A24AD1F5F00164869 /* Info.plist */ = {isa = PBXFileReference; lastKnownFileType = text.plist.xml; path = Info.plist; sourceTree = "<group>"; };
		1848C48F24AD1F5F00164869 /* CalisUITests.xctest */ = {isa = PBXFileReference; explicitFileType = wrapper.cfbundle; includeInIndex = 0; path = CalisUITests.xctest; sourceTree = BUILT_PRODUCTS_DIR; };
		1848C49324AD1F5F00164869 /* CalisUITests.swift */ = {isa = PBXFileReference; lastKnownFileType = sourcecode.swift; path = CalisUITests.swift; sourceTree = "<group>"; };
		1848C49524AD1F5F00164869 /* Info.plist */ = {isa = PBXFileReference; lastKnownFileType = text.plist.xml; path = Info.plist; sourceTree = "<group>"; };
/* End PBXFileReference section */

/* Begin PBXFrameworksBuildPhase section */
		1848C46B24AD1F5800164869 /* Frameworks */ = {
			isa = PBXFrameworksBuildPhase;
			buildActionMask = 2147483647;
			files = (
			);
			runOnlyForDeploymentPostprocessing = 0;
		};
		1848C48124AD1F5E00164869 /* Frameworks */ = {
			isa = PBXFrameworksBuildPhase;
			buildActionMask = 2147483647;
			files = (
			);
			runOnlyForDeploymentPostprocessing = 0;
		};
		1848C48C24AD1F5F00164869 /* Frameworks */ = {
			isa = PBXFrameworksBuildPhase;
			buildActionMask = 2147483647;
			files = (
			);
			runOnlyForDeploymentPostprocessing = 0;
		};
/* End PBXFrameworksBuildPhase section */

/* Begin PBXGroup section */
		1848C46524AD1F5800164869 = {
			isa = PBXGroup;
			children = (
				1848C47024AD1F5800164869 /* Calis */,
				1848C48724AD1F5E00164869 /* CalisTests */,
				1848C49224AD1F5F00164869 /* CalisUITests */,
				1848C46F24AD1F5800164869 /* Products */,
			);
			sourceTree = "<group>";
		};
		1848C46F24AD1F5800164869 /* Products */ = {
			isa = PBXGroup;
			children = (
				1848C46E24AD1F5800164869 /* Çalış!.app */,
				1848C48424AD1F5E00164869 /* CalisTests.xctest */,
				1848C48F24AD1F5F00164869 /* CalisUITests.xctest */,
			);
			name = Products;
			sourceTree = "<group>";
		};
		1848C47024AD1F5800164869 /* Calis */ = {
			isa = PBXGroup;
			children = (
				1848C47124AD1F5800164869 /* AppDelegate.swift */,
				1848C47324AD1F5800164869 /* SceneDelegate.swift */,
				1848C47524AD1F5800164869 /* ViewController.swift */,
				1848C47724AD1F5800164869 /* Main.storyboard */,
				1848C47A24AD1F5D00164869 /* Assets.xcassets */,
				1848C47C24AD1F5D00164869 /* LaunchScreen.storyboard */,
				1848C47F24AD1F5D00164869 /* Info.plist */,
			);
			path = Calis;
			sourceTree = "<group>";
		};
		1848C48724AD1F5E00164869 /* CalisTests */ = {
			isa = PBXGroup;
			children = (
				1848C48824AD1F5E00164869 /* CalisTests.swift */,
				1848C48A24AD1F5F00164869 /* Info.plist */,
			);
			path = CalisTests;
			sourceTree = "<group>";
		};
		1848C49224AD1F5F00164869 /* CalisUITests */ = {
			isa = PBXGroup;
			children = (
				1848C49324AD1F5F00164869 /* CalisUITests.swift */,
				1848C49524AD1F5F00164869 /* Info.plist */,
			);
			path = CalisUITests;
			sourceTree = "<group>";
		};
/* End PBXGroup section */

/* Begin PBXNativeTarget section */
		1848C46D24AD1F5800164869 /* Calis */ = {
			isa = PBXNativeTarget;
			buildConfigurationList = 1848C49824AD1F5F00164869 /* Build configuration list for PBXNativeTarget "Calis" */;
			buildPhases = (
				1848C46A24AD1F5800164869 /* Sources */,
				1848C46B24AD1F5800164869 /* Frameworks */,
				1848C46C24AD1F5800164869 /* Resources */,
			);
			buildRules = (
			);
			dependencies = (
			);
			name = Calis;
			productName = Calis;
			productReference = 1848C46E24AD1F5800164869 /* Çalış!.app */;
			productType = "com.apple.product-type.application";
		};
		1848C48324AD1F5E00164869 /* CalisTests */ = {
			isa = PBXNativeTarget;
			buildConfigurationList = 1848C49B24AD1F5F00164869 /* Build configuration list for PBXNativeTarget "CalisTests" */;
			buildPhases = (
				1848C48024AD1F5E00164869 /* Sources */,
				1848C48124AD1F5E00164869 /* Frameworks */,
				1848C48224AD1F5E00164869 /* Resources */,
			);
			buildRules = (
			);
			dependencies = (
				1848C48624AD1F5E00164869 /* PBXTargetDependency */,
			);
			name = CalisTests;
			productName = CalisTests;
			productReference = 1848C48424AD1F5E00164869 /* CalisTests.xctest */;
			productType = "com.apple.product-type.bundle.unit-test";
		};
		1848C48E24AD1F5F00164869 /* CalisUITests */ = {
			isa = PBXNativeTarget;
			buildConfigurationList = 1848C49E24AD1F5F00164869 /* Build configuration list for PBXNativeTarget "CalisUITests" */;
			buildPhases = (
				1848C48B24AD1F5F00164869 /* Sources */,
				1848C48C24AD1F5F00164869 /* Frameworks */,
				1848C48D24AD1F5F00164869 /* Resources */,
			);
			buildRules = (
			);
			dependencies = (
				1848C49124AD1F5F00164869 /* PBXTargetDependency */,
			);
			name = CalisUITests;
			productName = CalisUITests;
			productReference = 1848C48F24AD1F5F00164869 /* CalisUITests.xctest */;
			productType = "com.apple.product-type.bundle.ui-testing";
		};
/* End PBXNativeTarget section */

/* Begin PBXProject section */
		1848C46624AD1F5800164869 /* Project object */ = {
			isa = PBXProject;
			attributes = {
				LastSwiftUpdateCheck = 1150;
				LastUpgradeCheck = 1150;
				ORGANIZATIONNAME = "Melikşah Dipçin";
				TargetAttributes = {
					1848C46D24AD1F5800164869 = {
						CreatedOnToolsVersion = 11.5;
					};
					1848C48324AD1F5E00164869 = {
						CreatedOnToolsVersion = 11.5;
						TestTargetID = 1848C46D24AD1F5800164869;
					};
					1848C48E24AD1F5F00164869 = {
						CreatedOnToolsVersion = 11.5;
						TestTargetID = 1848C46D24AD1F5800164869;
					};
				};
			};
			buildConfigurationList = 1848C46924AD1F5800164869 /* Build configuration list for PBXProject "Calis" */;
			compatibilityVersion = "Xcode 9.3";
			developmentRegion = en;
			hasScannedForEncodings = 0;
			knownRegions = (
				en,
				Base,
			);
			mainGroup = 1848C46524AD1F5800164869;
			productRefGroup = 1848C46F24AD1F5800164869 /* Products */;
			projectDirPath = "";
			projectRoot = "";
			targets = (
				1848C46D24AD1F5800164869 /* Calis */,
				1848C48324AD1F5E00164869 /* CalisTests */,
				1848C48E24AD1F5F00164869 /* CalisUITests */,
			);
		};
/* End PBXProject section */

/* Begin PBXResourcesBuildPhase section */
		1848C46C24AD1F5800164869 /* Resources */ = {
			isa = PBXResourcesBuildPhase;
			buildActionMask = 2147483647;
			files = (
				1848C47E24AD1F5D00164869 /* LaunchScreen.storyboard in Resources */,
				1848C47B24AD1F5D00164869 /* Assets.xcassets in Resources */,
				1848C47924AD1F5800164869 /* Main.storyboard in Resources */,
			);
			runOnlyForDeploymentPostprocessing = 0;
		};
		1848C48224AD1F5E00164869 /* Resources */ = {
			isa = PBXResourcesBuildPhase;
			buildActionMask = 2147483647;
			files = (
			);
			runOnlyForDeploymentPostprocessing = 0;
		};
		1848C48D24AD1F5F00164869 /* Resources */ = {
			isa = PBXResourcesBuildPhase;
			buildActionMask = 2147483647;
			files = (
			);
			runOnlyForDeploymentPostprocessing = 0;
		};
/* End PBXResourcesBuildPhase section */

/* Begin PBXSourcesBuildPhase section */
		1848C46A24AD1F5800164869 /* Sources */ = {
			isa = PBXSourcesBuildPhase;
			buildActionMask = 2147483647;
			files = (
				1848C47624AD1F5800164869 /* ViewController.swift in Sources */,
				1848C47224AD1F5800164869 /* AppDelegate.swift in Sources */,
				1848C47424AD1F5800164869 /* SceneDelegate.swift in Sources */,
			);
			runOnlyForDeploymentPostprocessing = 0;
		};
		1848C48024AD1F5E00164869 /* Sources */ = {
			isa = PBXSourcesBuildPhase;
			buildActionMask = 2147483647;
			files = (
				1848C48924AD1F5E00164869 /* CalisTests.swift in Sources */,
			);
			runOnlyForDeploymentPostprocessing = 0;
		};
		1848C48B24AD1F5F00164869 /* Sources */ = {
			isa = PBXSourcesBuildPhase;
			buildActionMask = 2147483647;
			files = (
				1848C49424AD1F5F00164869 /* CalisUITests.swift in Sources */,
			);
			runOnlyForDeploymentPostprocessing = 0;
		};
/* End PBXSourcesBuildPhase section */

/* Begin PBXTargetDependency section */
		1848C48624AD1F5E00164869 /* PBXTargetDependency */ = {
			isa = PBXTargetDependency;
			target = 1848C46D24AD1F5800164869 /* Calis */;
			targetProxy = 1848C48524AD1F5E00164869 /* PBXContainerItemProxy */;
		};
		1848C49124AD1F5F00164869 /* PBXTargetDependency */ = {
			isa = PBXTargetDependency;
			target = 1848C46D24AD1F5800164869 /* Calis */;
			targetProxy = 1848C49024AD1F5F00164869 /* PBXContainerItemProxy */;
		};
/* End PBXTargetDependency section */

/* Begin PBXVariantGroup section */
		1848C47724AD1F5800164869 /* Main.storyboard */ = {
			isa = PBXVariantGroup;
			children = (
				1848C47824AD1F5800164869 /* Base */,
			);
			name = Main.storyboard;
			sourceTree = "<group>";
		};
		1848C47C24AD1F5D00164869 /* LaunchScreen.storyboard */ = {
			isa = PBXVariantGroup;
			children = (
				1848C47D24AD1F5D00164869 /* Base */,
			);
			name = LaunchScreen.storyboard;
			sourceTree = "<group>";
		};
/* End PBXVariantGroup section */

/* Begin XCBuildConfiguration section */
		1848C49624AD1F5F00164869 /* Debug */ = {
			isa = XCBuildConfiguration;
			buildSettings = {
				ALWAYS_SEARCH_USER_PATHS = NO;
				CLANG_ANALYZER_NONNULL = YES;
				CLANG_ANALYZER_NUMBER_OBJECT_CONVERSION = YES_AGGRESSIVE;
				CLANG_CXX_LANGUAGE_STANDARD = "gnu++14";
				CLANG_CXX_LIBRARY = "libc++";
				CLANG_ENABLE_MODULES = YES;
				CLANG_ENABLE_OBJC_ARC = YES;
				CLANG_ENABLE_OBJC_WEAK = YES;
				CLANG_WARN_BLOCK_CAPTURE_AUTORELEASING = YES;
				CLANG_WARN_BOOL_CONVERSION = YES;
				CLANG_WARN_COMMA = YES;
				CLANG_WARN_CONSTANT_CONVERSION = YES;
				CLANG_WARN_DEPRECATED_OBJC_IMPLEMENTATIONS = YES;
				CLANG_WARN_DIRECT_OBJC_ISA_USAGE = YES_ERROR;
				CLANG_WARN_DOCUMENTATION_COMMENTS = YES;
				CLANG_WARN_EMPTY_BODY = YES;
				CLANG_WARN_ENUM_CONVERSION = YES;
				CLANG_WARN_INFINITE_RECURSION = YES;
				CLANG_WARN_INT_CONVERSION = YES;
				CLANG_WARN_NON_LITERAL_NULL_CONVERSION = YES;
				CLANG_WARN_OBJC_IMPLICIT_RETAIN_SELF = YES;
				CLANG_WARN_OBJC_LITERAL_CONVERSION = YES;
				CLANG_WARN_OBJC_ROOT_CLASS = YES_ERROR;
				CLANG_WARN_RANGE_LOOP_ANALYSIS = YES;
				CLANG_WARN_STRICT_PROTOTYPES = YES;
				CLANG_WARN_SUSPICIOUS_MOVE = YES;
				CLANG_WARN_UNGUARDED_AVAILABILITY = YES_AGGRESSIVE;
				CLANG_WARN_UNREACHABLE_CODE = YES;
				CLANG_WARN__DUPLICATE_METHOD_MATCH = YES;
				COPY_PHASE_STRIP = NO;
				DEBUG_INFORMATION_FORMAT = dwarf;
				ENABLE_STRICT_OBJC_MSGSEND = YES;
				ENABLE_TESTABILITY = YES;
				GCC_C_LANGUAGE_STANDARD = gnu11;
				GCC_DYNAMIC_NO_PIC = NO;
				GCC_NO_COMMON_BLOCKS = YES;
				GCC_OPTIMIZATION_LEVEL = 0;
				GCC_PREPROCESSOR_DEFINITIONS = (
					"DEBUG=1",
					"$(inherited)",
				);
				GCC_WARN_64_TO_32_BIT_CONVERSION = YES;
				GCC_WARN_ABOUT_RETURN_TYPE = YES_ERROR;
				GCC_WARN_UNDECLARED_SELECTOR = YES;
				GCC_WARN_UNINITIALIZED_AUTOS = YES_AGGRESSIVE;
				GCC_WARN_UNUSED_FUNCTION = YES;
				GCC_WARN_UNUSED_VARIABLE = YES;
				IPHONEOS_DEPLOYMENT_TARGET = 13.5;
				MTL_ENABLE_DEBUG_INFO = INCLUDE_SOURCE;
				MTL_FAST_MATH = YES;
				ONLY_ACTIVE_ARCH = YES;
				SDKROOT = iphoneos;
				SWIFT_ACTIVE_COMPILATION_CONDITIONS = DEBUG;
				SWIFT_OPTIMIZATION_LEVEL = "-Onone";
			};
			name = Debug;
		};
		1848C49724AD1F5F00164869 /* Release */ = {
			isa = XCBuildConfiguration;
			buildSettings = {
				ALWAYS_SEARCH_USER_PATHS = NO;
				CLANG_ANALYZER_NONNULL = YES;
				CLANG_ANALYZER_NUMBER_OBJECT_CONVERSION = YES_AGGRESSIVE;
				CLANG_CXX_LANGUAGE_STANDARD = "gnu++14";
				CLANG_CXX_LIBRARY = "libc++";
				CLANG_ENABLE_MODULES = YES;
				CLANG_ENABLE_OBJC_ARC = YES;
				CLANG_ENABLE_OBJC_WEAK = YES;
				CLANG_WARN_BLOCK_CAPTURE_AUTORELEASING = YES;
				CLANG_WARN_BOOL_CONVERSION = YES;
				CLANG_WARN_COMMA = YES;
				CLANG_WARN_CONSTANT_CONVERSION = YES;
				CLANG_WARN_DEPRECATED_OBJC_IMPLEMENTATIONS = YES;
				CLANG_WARN_DIRECT_OBJC_ISA_USAGE = YES_ERROR;
				CLANG_WARN_DOCUMENTATION_COMMENTS = YES;
				CLANG_WARN_EMPTY_BODY = YES;
				CLANG_WARN_ENUM_CONVERSION = YES;
				CLANG_WARN_INFINITE_RECURSION = YES;
				CLANG_WARN_INT_CONVERSION = YES;
				CLANG_WARN_NON_LITERAL_NULL_CONVERSION = YES;
				CLANG_WARN_OBJC_IMPLICIT_RETAIN_SELF = YES;
				CLANG_WARN_OBJC_LITERAL_CONVERSION = YES;
				CLANG_WARN_OBJC_ROOT_CLASS = YES_ERROR;
				CLANG_WARN_RANGE_LOOP_ANALYSIS = YES;
				CLANG_WARN_STRICT_PROTOTYPES = YES;
				CLANG_WARN_SUSPICIOUS_MOVE = YES;
				CLANG_WARN_UNGUARDED_AVAILABILITY = YES_AGGRESSIVE;
				CLANG_WARN_UNREACHABLE_CODE = YES;
				CLANG_WARN__DUPLICATE_METHOD_MATCH = YES;
				COPY_PHASE_STRIP = NO;
				DEBUG_INFORMATION_FORMAT = "dwarf-with-dsym";
				ENABLE_NS_ASSERTIONS = NO;
				ENABLE_STRICT_OBJC_MSGSEND = YES;
				GCC_C_LANGUAGE_STANDARD = gnu11;
				GCC_NO_COMMON_BLOCKS = YES;
				GCC_WARN_64_TO_32_BIT_CONVERSION = YES;
				GCC_WARN_ABOUT_RETURN_TYPE = YES_ERROR;
				GCC_WARN_UNDECLARED_SELECTOR = YES;
				GCC_WARN_UNINITIALIZED_AUTOS = YES_AGGRESSIVE;
				GCC_WARN_UNUSED_FUNCTION = YES;
				GCC_WARN_UNUSED_VARIABLE = YES;
				IPHONEOS_DEPLOYMENT_TARGET = 13.5;
				MTL_ENABLE_DEBUG_INFO = NO;
				MTL_FAST_MATH = YES;
				SDKROOT = iphoneos;
				SWIFT_COMPILATION_MODE = wholemodule;
				SWIFT_OPTIMIZATION_LEVEL = "-O";
				VALIDATE_PRODUCT = YES;
			};
			name = Release;
		};
		1848C49924AD1F5F00164869 /* Debug */ = {
			isa = XCBuildConfiguration;
			buildSettings = {
				ASSETCATALOG_COMPILER_APPICON_NAME = AppIcon;
				CODE_SIGN_STYLE = Automatic;
				DEVELOPMENT_TEAM = 6D5JQ4USWA;
				INFOPLIST_FILE = Calis/Info.plist;
				LD_RUNPATH_SEARCH_PATHS = (
					"$(inherited)",
					"@executable_path/Frameworks",
				);
				PRODUCT_BUNDLE_IDENTIFIER = com.meliksah.Calis;
				PRODUCT_NAME = "Çalış!";
				SWIFT_VERSION = 5.0;
				TARGETED_DEVICE_FAMILY = "1,2";
			};
			name = Debug;
		};
		1848C49A24AD1F5F00164869 /* Release */ = {
			isa = XCBuildConfiguration;
			buildSettings = {
				ASSETCATALOG_COMPILER_APPICON_NAME = AppIcon;
				CODE_SIGN_STYLE = Automatic;
				DEVELOPMENT_TEAM = 6D5JQ4USWA;
				INFOPLIST_FILE = Calis/Info.plist;
				LD_RUNPATH_SEARCH_PATHS = (
					"$(inherited)",
					"@executable_path/Frameworks",
				);
				PRODUCT_BUNDLE_IDENTIFIER = com.meliksah.Calis;
				PRODUCT_NAME = "Çalış!";
				SWIFT_VERSION = 5.0;
				TARGETED_DEVICE_FAMILY = "1,2";
			};
			name = Release;
		};
		1848C49C24AD1F5F00164869 /* Debug */ = {
			isa = XCBuildConfiguration;
			buildSettings = {
				ALWAYS_EMBED_SWIFT_STANDARD_LIBRARIES = YES;
				BUNDLE_LOADER = "$(TEST_HOST)";
				CODE_SIGN_STYLE = Automatic;
				DEVELOPMENT_TEAM = 6D5JQ4USWA;
				INFOPLIST_FILE = CalisTests/Info.plist;
				IPHONEOS_DEPLOYMENT_TARGET = 13.5;
				LD_RUNPATH_SEARCH_PATHS = (
					"$(inherited)",
					"@executable_path/Frameworks",
					"@loader_path/Frameworks",
				);
				PRODUCT_BUNDLE_IDENTIFIER = com.meliksah.CalisTests;
				PRODUCT_NAME = "$(TARGET_NAME)";
				SWIFT_VERSION = 5.0;
				TARGETED_DEVICE_FAMILY = "1,2";
				TEST_HOST = "$(BUILT_PRODUCTS_DIR)/Calis.app/Calis";
			};
			name = Debug;
		};
		1848C49D24AD1F5F00164869 /* Release */ = {
			isa = XCBuildConfiguration;
			buildSettings = {
				ALWAYS_EMBED_SWIFT_STANDARD_LIBRARIES = YES;
				BUNDLE_LOADER = "$(TEST_HOST)";
				CODE_SIGN_STYLE = Automatic;
				DEVELOPMENT_TEAM = 6D5JQ4USWA;
				INFOPLIST_FILE = CalisTests/Info.plist;
				IPHONEOS_DEPLOYMENT_TARGET = 13.5;
				LD_RUNPATH_SEARCH_PATHS = (
					"$(inherited)",
					"@executable_path/Frameworks",
					"@loader_path/Frameworks",
				);
				PRODUCT_BUNDLE_IDENTIFIER = com.meliksah.CalisTests;
				PRODUCT_NAME = "$(TARGET_NAME)";
				SWIFT_VERSION = 5.0;
				TARGETED_DEVICE_FAMILY = "1,2";
				TEST_HOST = "$(BUILT_PRODUCTS_DIR)/Calis.app/Calis";
			};
			name = Release;
		};
		1848C49F24AD1F5F00164869 /* Debug */ = {
			isa = XCBuildConfiguration;
			buildSettings = {
				ALWAYS_EMBED_SWIFT_STANDARD_LIBRARIES = YES;
				CODE_SIGN_STYLE = Automatic;
				DEVELOPMENT_TEAM = 6D5JQ4USWA;
				INFOPLIST_FILE = CalisUITests/Info.plist;
				LD_RUNPATH_SEARCH_PATHS = (
					"$(inherited)",
					"@executable_path/Frameworks",
					"@loader_path/Frameworks",
				);
				PRODUCT_BUNDLE_IDENTIFIER = com.meliksah.CalisUITests;
				PRODUCT_NAME = "$(TARGET_NAME)";
				SWIFT_VERSION = 5.0;
				TARGETED_DEVICE_FAMILY = "1,2";
				TEST_TARGET_NAME = Calis;
			};
			name = Debug;
		};
		1848C4A024AD1F5F00164869 /* Release */ = {
			isa = XCBuildConfiguration;
			buildSettings = {
				ALWAYS_EMBED_SWIFT_STANDARD_LIBRARIES = YES;
				CODE_SIGN_STYLE = Automatic;
				DEVELOPMENT_TEAM = 6D5JQ4USWA;
				INFOPLIST_FILE = CalisUITests/Info.plist;
				LD_RUNPATH_SEARCH_PATHS = (
					"$(inherited)",
					"@executable_path/Frameworks",
					"@loader_path/Frameworks",
				);
				PRODUCT_BUNDLE_IDENTIFIER = com.meliksah.CalisUITests;
				PRODUCT_NAME = "$(TARGET_NAME)";
				SWIFT_VERSION = 5.0;
				TARGETED_DEVICE_FAMILY = "1,2";
				TEST_TARGET_NAME = Calis;
			};
			name = Release;
		};
/* End XCBuildConfiguration section */

/* Begin XCConfigurationList section */
		1848C46924AD1F5800164869 /* Build configuration list for PBXProject "Calis" */ = {
			isa = XCConfigurationList;
			buildConfigurations = (
				1848C49624AD1F5F00164869 /* Debug */,
				1848C49724AD1F5F00164869 /* Release */,
			);
			defaultConfigurationIsVisible = 0;
			defaultConfigurationName = Release;
		};
		1848C49824AD1F5F00164869 /* Build configuration list for PBXNativeTarget "Calis" */ = {
			isa = XCConfigurationList;
			buildConfigurations = (
				1848C49924AD1F5F00164869 /* Debug */,
				1848C49A24AD1F5F00164869 /* Release */,
			);
			defaultConfigurationIsVisible = 0;
			defaultConfigurationName = Release;
		};
		1848C49B24AD1F5F00164869 /* Build configuration list for PBXNativeTarget "CalisTests" */ = {
			isa = XCConfigurationList;
			buildConfigurations = (
				1848C49C24AD1F5F00164869 /* Debug */,
				1848C49D24AD1F5F00164869 /* Release */,
			);
			defaultConfigurationIsVisible = 0;
			defaultConfigurationName = Release;
		};
		1848C49E24AD1F5F00164869 /* Build configuration list for PBXNativeTarget "CalisUITests" */ = {
			isa = XCConfigurationList;
			buildConfigurations = (
				1848C49F24AD1F5F00164869 /* Debug */,
				1848C4A024AD1F5F00164869 /* Release */,
			);
			defaultConfigurationIsVisible = 0;
			defaultConfigurationName = Release;
		};
/* End XCConfigurationList section */
	};
	rootObject = 1848C46624AD1F5800164869 /* Project object */;
}
